
Microsoft Visual Studio Solution File, Format Version 12.00
# Visual Studio Version 16
VisualStudioVersion = 16.0.29920.165
MinimumVisualStudioVersion = 10.0.40219.1
Project("{FAE04EC0-301F-11D3-BF4B-00C04F79EFBC}") = "CalculateDayPayment", "CalculateDayPayment\CalculateDayPayment.csproj", "{5B297D8C-E982-4E02-A2EF-E281D90778B5}"
EndProject
Global
	GlobalSection(SolutionConfigurationPlatforms) = preSolution
		Debug|Any CPU = Debug|Any CPU
		Release|Any CPU = Release|Any CPU
	EndGlobalSection
	GlobalSection(ProjectConfigurationPlatforms) = postSolution
		{5B297D8C-E982-4E02-A2EF-E281D90778B5}.Debug|Any CPU.ActiveCfg = Debug|Any CPU
		{5B297D8C-E982-4E02-A2EF-E281D90778B5}.Debug|Any CPU.Build.0 = Debug|Any CPU
		{5B297D8C-E982-4E02-A2EF-E281D90778B5}.Release|Any CPU.ActiveCfg = Release|Any CPU
		{5B297D8C-E982-4E02-A2EF-E281D90778B5}.Release|Any CPU.Build.0 = Release|Any CPU
	EndGlobalSection
	GlobalSection(SolutionProperties) = preSolution
		HideSolutionNode = FALSE
	EndGlobalSection
	GlobalSection(ExtensibilityGlobals) = postSolution
		SolutionGuid = {34ABD1E8-4CF9-4063-A859-EA7D833C3847}
	EndGlobalSection
EndGlobal
